
Microsoft Visual Studio Solution File, Format Version 12.00
# Visual Studio Version 17
VisualStudioVersion = 17.3.32901.215
MinimumVisualStudioVersion = 10.0.40219.1
Project("{9A19103F-16F7-4668-BE54-9A1E7A4F7556}") = "Generate TPL", "ConsoleApp1\Generate TPL.csproj", "{11A46315-01B6-4842-9BB2-B0E5DD12164D}"
EndProject
Global
	GlobalSection(SolutionConfigurationPlatforms) = preSolution
		Debug|Any CPU = Debug|Any CPU
		Release|Any CPU = Release|Any CPU
	EndGlobalSection
	GlobalSection(ProjectConfigurationPlatforms) = postSolution
		{11A46315-01B6-4842-9BB2-B0E5DD12164D}.Debug|Any CPU.ActiveCfg = Debug|Any CPU
		{11A46315-01B6-4842-9BB2-B0E5DD12164D}.Debug|Any CPU.Build.0 = Debug|Any CPU
		{11A46315-01B6-4842-9BB2-B0E5DD12164D}.Release|Any CPU.ActiveCfg = Release|Any CPU
		{11A46315-01B6-4842-9BB2-B0E5DD12164D}.Release|Any CPU.Build.0 = Release|Any CPU
	EndGlobalSection
	GlobalSection(SolutionProperties) = preSolution
		HideSolutionNode = FALSE
	EndGlobalSection
	GlobalSection(ExtensibilityGlobals) = postSolution
		SolutionGuid = {537CF0ED-3776-4A98-9ED9-C9EB50C8970B}
	EndGlobalSection
EndGlobal
